// !$*UTF8*$!
{
	archiveVersion = 1;
	classes = {
	};
	objectVersion = 46;
	objects = {

/* Begin PBXBuildFile section */
		3CFC06AA8331118E9379F392 /* Pods_Honest_Badger.framework in Frameworks */ = {isa = PBXBuildFile; fileRef = 943943E0424C1EB3E9AAB9FA /* Pods_Honest_Badger.framework */; };
		9564AE3C1D36D2CA00460B3A /* Rockwell.ttf in Resources */ = {isa = PBXBuildFile; fileRef = 9564AE3B1D36D2CA00460B3A /* Rockwell.ttf */; };
		95D716281D2ED53100EAE5B3 /* AppDelegate.swift in Sources */ = {isa = PBXBuildFile; fileRef = 95D716271D2ED53100EAE5B3 /* AppDelegate.swift */; };
		95D7162A1D2ED53100EAE5B3 /* ViewController.swift in Sources */ = {isa = PBXBuildFile; fileRef = 95D716291D2ED53100EAE5B3 /* ViewController.swift */; };
		95D7162D1D2ED53100EAE5B3 /* Main.storyboard in Resources */ = {isa = PBXBuildFile; fileRef = 95D7162B1D2ED53100EAE5B3 /* Main.storyboard */; };
		95D7162F1D2ED53100EAE5B3 /* Assets.xcassets in Resources */ = {isa = PBXBuildFile; fileRef = 95D7162E1D2ED53100EAE5B3 /* Assets.xcassets */; };
		95D716321D2ED53100EAE5B3 /* LaunchScreen.storyboard in Resources */ = {isa = PBXBuildFile; fileRef = 95D716301D2ED53100EAE5B3 /* LaunchScreen.storyboard */; };
		95D7163A1D2ED65700EAE5B3 /* GoogleService-Info.plist in Resources */ = {isa = PBXBuildFile; fileRef = 95D716391D2ED65700EAE5B3 /* GoogleService-Info.plist */; };
/* End PBXBuildFile section */

/* Begin PBXFileReference section */
		83349A628BB6A93D96289F1D /* Pods-Honest Badger.debug.xcconfig */ = {isa = PBXFileReference; includeInIndex = 1; lastKnownFileType = text.xcconfig; name = "Pods-Honest Badger.debug.xcconfig"; path = "Pods/Target Support Files/Pods-Honest Badger/Pods-Honest Badger.debug.xcconfig"; sourceTree = "<group>"; };
		943943E0424C1EB3E9AAB9FA /* Pods_Honest_Badger.framework */ = {isa = PBXFileReference; explicitFileType = wrapper.framework; includeInIndex = 0; path = Pods_Honest_Badger.framework; sourceTree = BUILT_PRODUCTS_DIR; };
		9564AE3B1D36D2CA00460B3A /* Rockwell.ttf */ = {isa = PBXFileReference; lastKnownFileType = file; path = Rockwell.ttf; sourceTree = "<group>"; };
		95D716241D2ED53100EAE5B3 /* Honest Badger.app */ = {isa = PBXFileReference; explicitFileType = wrapper.application; includeInIndex = 0; path = "Honest Badger.app"; sourceTree = BUILT_PRODUCTS_DIR; };
		95D716271D2ED53100EAE5B3 /* AppDelegate.swift */ = {isa = PBXFileReference; lastKnownFileType = sourcecode.swift; path = AppDelegate.swift; sourceTree = "<group>"; };
		95D716291D2ED53100EAE5B3 /* ViewController.swift */ = {isa = PBXFileReference; lastKnownFileType = sourcecode.swift; path = ViewController.swift; sourceTree = "<group>"; };
		95D7162C1D2ED53100EAE5B3 /* Base */ = {isa = PBXFileReference; lastKnownFileType = file.storyboard; name = Base; path = Base.lproj/Main.storyboard; sourceTree = "<group>"; };
		95D7162E1D2ED53100EAE5B3 /* Assets.xcassets */ = {isa = PBXFileReference; lastKnownFileType = folder.assetcatalog; path = Assets.xcassets; sourceTree = "<group>"; };
		95D716311D2ED53100EAE5B3 /* Base */ = {isa = PBXFileReference; lastKnownFileType = file.storyboard; name = Base; path = Base.lproj/LaunchScreen.storyboard; sourceTree = "<group>"; };
		95D716331D2ED53100EAE5B3 /* Info.plist */ = {isa = PBXFileReference; lastKnownFileType = text.plist.xml; path = Info.plist; sourceTree = "<group>"; };
		95D716391D2ED65700EAE5B3 /* GoogleService-Info.plist */ = {isa = PBXFileReference; fileEncoding = 4; lastKnownFileType = text.plist.xml; path = "GoogleService-Info.plist"; sourceTree = "<group>"; };
		F3A2842BC9F4819C102CECF3 /* Pods-Honest Badger.release.xcconfig */ = {isa = PBXFileReference; includeInIndex = 1; lastKnownFileType = text.xcconfig; name = "Pods-Honest Badger.release.xcconfig"; path = "Pods/Target Support Files/Pods-Honest Badger/Pods-Honest Badger.release.xcconfig"; sourceTree = "<group>"; };
/* End PBXFileReference section */

/* Begin PBXFrameworksBuildPhase section */
		95D716211D2ED53100EAE5B3 /* Frameworks */ = {
			isa = PBXFrameworksBuildPhase;
			buildActionMask = 2147483647;
			files = (
				3CFC06AA8331118E9379F392 /* Pods_Honest_Badger.framework in Frameworks */,
			);
			runOnlyForDeploymentPostprocessing = 0;
		};
/* End PBXFrameworksBuildPhase section */

/* Begin PBXGroup section */
		602264D07FD00EBF7F58A5E0 /* Pods */ = {
			isa = PBXGroup;
			children = (
				83349A628BB6A93D96289F1D /* Pods-Honest Badger.debug.xcconfig */,
				F3A2842BC9F4819C102CECF3 /* Pods-Honest Badger.release.xcconfig */,
			);
			name = Pods;
			sourceTree = "<group>";
		};
		8073875B55063FBEC92997C2 /* Frameworks */ = {
			isa = PBXGroup;
			children = (
				943943E0424C1EB3E9AAB9FA /* Pods_Honest_Badger.framework */,
			);
			name = Frameworks;
			sourceTree = "<group>";
		};
		95D7161B1D2ED53100EAE5B3 = {
			isa = PBXGroup;
			children = (
				95D716261D2ED53100EAE5B3 /* Honest Badger */,
				95D716251D2ED53100EAE5B3 /* Products */,
				602264D07FD00EBF7F58A5E0 /* Pods */,
				8073875B55063FBEC92997C2 /* Frameworks */,
			);
			sourceTree = "<group>";
		};
		95D716251D2ED53100EAE5B3 /* Products */ = {
			isa = PBXGroup;
			children = (
				95D716241D2ED53100EAE5B3 /* Honest Badger.app */,
			);
			name = Products;
			sourceTree = "<group>";
		};
		95D716261D2ED53100EAE5B3 /* Honest Badger */ = {
			isa = PBXGroup;
			children = (
				95D716271D2ED53100EAE5B3 /* AppDelegate.swift */,
				95D716291D2ED53100EAE5B3 /* ViewController.swift */,
				95D7162B1D2ED53100EAE5B3 /* Main.storyboard */,
				95D7162E1D2ED53100EAE5B3 /* Assets.xcassets */,
				95D716301D2ED53100EAE5B3 /* LaunchScreen.storyboard */,
				95D716331D2ED53100EAE5B3 /* Info.plist */,
				95D716391D2ED65700EAE5B3 /* GoogleService-Info.plist */,
				9564AE3B1D36D2CA00460B3A /* Rockwell.ttf */,
			);
			path = "Honest Badger";
			sourceTree = "<group>";
		};
/* End PBXGroup section */

/* Begin PBXNativeTarget section */
		95D716231D2ED53100EAE5B3 /* Honest Badger */ = {
			isa = PBXNativeTarget;
			buildConfigurationList = 95D716361D2ED53100EAE5B3 /* Build configuration list for PBXNativeTarget "Honest Badger" */;
			buildPhases = (
				B8FD6A05B15ED50D3A2C5589 /* [CP] Check Pods Manifest.lock */,
				95D716201D2ED53100EAE5B3 /* Sources */,
				95D716211D2ED53100EAE5B3 /* Frameworks */,
				95D716221D2ED53100EAE5B3 /* Resources */,
				6781D858EC9635F7B777CD54 /* [CP] Embed Pods Frameworks */,
				4DD4A17E63BD691F0DBA3530 /* [CP] Copy Pods Resources */,
			);
			buildRules = (
			);
			dependencies = (
			);
			name = "Honest Badger";
			productName = "Honest Badger";
			productReference = 95D716241D2ED53100EAE5B3 /* Honest Badger.app */;
			productType = "com.apple.product-type.application";
		};
/* End PBXNativeTarget section */

/* Begin PBXProject section */
		95D7161C1D2ED53100EAE5B3 /* Project object */ = {
			isa = PBXProject;
			attributes = {
				LastSwiftUpdateCheck = 0730;
				LastUpgradeCheck = 0730;
				ORGANIZATIONNAME = stevecoxio;
				TargetAttributes = {
					95D716231D2ED53100EAE5B3 = {
						CreatedOnToolsVersion = 7.3.1;
						DevelopmentTeam = B829RQHZNJ;
					};
				};
			};
			buildConfigurationList = 95D7161F1D2ED53100EAE5B3 /* Build configuration list for PBXProject "Honest Badger" */;
			compatibilityVersion = "Xcode 3.2";
			developmentRegion = English;
			hasScannedForEncodings = 0;
			knownRegions = (
				en,
				Base,
			);
			mainGroup = 95D7161B1D2ED53100EAE5B3;
			productRefGroup = 95D716251D2ED53100EAE5B3 /* Products */;
			projectDirPath = "";
			projectRoot = "";
			targets = (
				95D716231D2ED53100EAE5B3 /* Honest Badger */,
			);
		};
/* End PBXProject section */

/* Begin PBXResourcesBuildPhase section */
		95D716221D2ED53100EAE5B3 /* Resources */ = {
			isa = PBXResourcesBuildPhase;
			buildActionMask = 2147483647;
			files = (
				95D716321D2ED53100EAE5B3 /* LaunchScreen.storyboard in Resources */,
				9564AE3C1D36D2CA00460B3A /* Rockwell.ttf in Resources */,
				95D7163A1D2ED65700EAE5B3 /* GoogleService-Info.plist in Resources */,
				95D7162F1D2ED53100EAE5B3 /* Assets.xcassets in Resources */,
				95D7162D1D2ED53100EAE5B3 /* Main.storyboard in Resources */,
			);
			runOnlyForDeploymentPostprocessing = 0;
		};
/* End PBXResourcesBuildPhase section */

/* Begin PBXShellScriptBuildPhase section */
		4DD4A17E63BD691F0DBA3530 /* [CP] Copy Pods Resources */ = {
			isa = PBXShellScriptBuildPhase;
			buildActionMask = 2147483647;
			files = (
			);
			inputPaths = (
			);
			name = "[CP] Copy Pods Resources";
			outputPaths = (
			);
			runOnlyForDeploymentPostprocessing = 0;
			shellPath = /bin/sh;
			shellScript = "\"${SRCROOT}/Pods/Target Support Files/Pods-Honest Badger/Pods-Honest Badger-resources.sh\"\n";
			showEnvVarsInLog = 0;
		};
		6781D858EC9635F7B777CD54 /* [CP] Embed Pods Frameworks */ = {
			isa = PBXShellScriptBuildPhase;
			buildActionMask = 2147483647;
			files = (
			);
			inputPaths = (
			);
			name = "[CP] Embed Pods Frameworks";
			outputPaths = (
			);
			runOnlyForDeploymentPostprocessing = 0;
			shellPath = /bin/sh;
			shellScript = "\"${SRCROOT}/Pods/Target Support Files/Pods-Honest Badger/Pods-Honest Badger-frameworks.sh\"\n";
			showEnvVarsInLog = 0;
		};
		B8FD6A05B15ED50D3A2C5589 /* [CP] Check Pods Manifest.lock */ = {
			isa = PBXShellScriptBuildPhase;
			buildActionMask = 2147483647;
			files = (
			);
			inputPaths = (
			);
			name = "[CP] Check Pods Manifest.lock";
			outputPaths = (
			);
			runOnlyForDeploymentPostprocessing = 0;
			shellPath = /bin/sh;
			shellScript = "diff \"${PODS_ROOT}/../Podfile.lock\" \"${PODS_ROOT}/Manifest.lock\" > /dev/null\nif [[ $? != 0 ]] ; then\n    cat << EOM\nerror: The sandbox is not in sync with the Podfile.lock. Run 'pod install' or update your CocoaPods installation.\nEOM\n    exit 1\nfi\n";
			showEnvVarsInLog = 0;
		};
/* End PBXShellScriptBuildPhase section */

/* Begin PBXSourcesBuildPhase section */
		95D716201D2ED53100EAE5B3 /* Sources */ = {
			isa = PBXSourcesBuildPhase;
			buildActionMask = 2147483647;
			files = (
				95D7162A1D2ED53100EAE5B3 /* ViewController.swift in Sources */,
				95D716281D2ED53100EAE5B3 /* AppDelegate.swift in Sources */,
			);
			runOnlyForDeploymentPostprocessing = 0;
		};
/* End PBXSourcesBuildPhase section */

/* Begin PBXVariantGroup section */
		95D7162B1D2ED53100EAE5B3 /* Main.storyboard */ = {
			isa = PBXVariantGroup;
			children = (
				95D7162C1D2ED53100EAE5B3 /* Base */,
			);
			name = Main.storyboard;
			sourceTree = "<group>";
		};
		95D716301D2ED53100EAE5B3 /* LaunchScreen.storyboard */ = {
			isa = PBXVariantGroup;
			children = (
				95D716311D2ED53100EAE5B3 /* Base */,
			);
			name = LaunchScreen.storyboard;
			sourceTree = "<group>";
		};
/* End PBXVariantGroup section */

/* Begin XCBuildConfiguration section */
		95D716341D2ED53100EAE5B3 /* Debug */ = {
			isa = XCBuildConfiguration;
			buildSettings = {
				ALWAYS_SEARCH_USER_PATHS = NO;
				CLANG_ANALYZER_NONNULL = YES;
				CLANG_CXX_LANGUAGE_STANDARD = "gnu++0x";
				CLANG_CXX_LIBRARY = "libc++";
				CLANG_ENABLE_MODULES = YES;
				CLANG_ENABLE_OBJC_ARC = YES;
				CLANG_WARN_BOOL_CONVERSION = YES;
				CLANG_WARN_CONSTANT_CONVERSION = YES;
				CLANG_WARN_DIRECT_OBJC_ISA_USAGE = YES_ERROR;
				CLANG_WARN_EMPTY_BODY = YES;
				CLANG_WARN_ENUM_CONVERSION = YES;
				CLANG_WARN_INT_CONVERSION = YES;
				CLANG_WARN_OBJC_ROOT_CLASS = YES_ERROR;
				CLANG_WARN_UNREACHABLE_CODE = YES;
				CLANG_WARN__DUPLICATE_METHOD_MATCH = YES;
				"CODE_SIGN_IDENTITY[sdk=iphoneos*]" = "iPhone Developer";
				COPY_PHASE_STRIP = NO;
				DEBUG_INFORMATION_FORMAT = dwarf;
				ENABLE_STRICT_OBJC_MSGSEND = YES;
				ENABLE_TESTABILITY = YES;
				GCC_C_LANGUAGE_STANDARD = gnu99;
				GCC_DYNAMIC_NO_PIC = NO;
				GCC_NO_COMMON_BLOCKS = YES;
				GCC_OPTIMIZATION_LEVEL = 0;
				GCC_PREPROCESSOR_DEFINITIONS = (
					"DEBUG=1",
					"$(inherited)",
				);
				GCC_WARN_64_TO_32_BIT_CONVERSION = YES;
				GCC_WARN_ABOUT_RETURN_TYPE = YES_ERROR;
				GCC_WARN_UNDECLARED_SELECTOR = YES;
				GCC_WARN_UNINITIALIZED_AUTOS = YES_AGGRESSIVE;
				GCC_WARN_UNUSED_FUNCTION = YES;
				GCC_WARN_UNUSED_VARIABLE = YES;
				IPHONEOS_DEPLOYMENT_TARGET = 9.3;
				MTL_ENABLE_DEBUG_INFO = YES;
				ONLY_ACTIVE_ARCH = YES;
				SDKROOT = iphoneos;
				SWIFT_OPTIMIZATION_LEVEL = "-Onone";
			};
			name = Debug;
		};
		95D716351D2ED53100EAE5B3 /* Release */ = {
			isa = XCBuildConfiguration;
			buildSettings = {
				ALWAYS_SEARCH_USER_PATHS = NO;
				CLANG_ANALYZER_NONNULL = YES;
				CLANG_CXX_LANGUAGE_STANDARD = "gnu++0x";
				CLANG_CXX_LIBRARY = "libc++";
				CLANG_ENABLE_MODULES = YES;
				CLANG_ENABLE_OBJC_ARC = YES;
				CLANG_WARN_BOOL_CONVERSION = YES;
				CLANG_WARN_CONSTANT_CONVERSION = YES;
				CLANG_WARN_DIRECT_OBJC_ISA_USAGE = YES_ERROR;
				CLANG_WARN_EMPTY_BODY = YES;
				CLANG_WARN_ENUM_CONVERSION = YES;
				CLANG_WARN_INT_CONVERSION = YES;
				CLANG_WARN_OBJC_ROOT_CLASS = YES_ERROR;
				CLANG_WARN_UNREACHABLE_CODE = YES;
				CLANG_WARN__DUPLICATE_METHOD_MATCH = YES;
				"CODE_SIGN_IDENTITY[sdk=iphoneos*]" = "iPhone Developer";
				COPY_PHASE_STRIP = NO;
				DEBUG_INFORMATION_FORMAT = "dwarf-with-dsym";
				ENABLE_NS_ASSERTIONS = NO;
				ENABLE_STRICT_OBJC_MSGSEND = YES;
				GCC_C_LANGUAGE_STANDARD = gnu99;
				GCC_NO_COMMON_BLOCKS = YES;
				GCC_WARN_64_TO_32_BIT_CONVERSION = YES;
				GCC_WARN_ABOUT_RETURN_TYPE = YES_ERROR;
				GCC_WARN_UNDECLARED_SELECTOR = YES;
				GCC_WARN_UNINITIALIZED_AUTOS = YES_AGGRESSIVE;
				GCC_WARN_UNUSED_FUNCTION = YES;
				GCC_WARN_UNUSED_VARIABLE = YES;
				IPHONEOS_DEPLOYMENT_TARGET = 9.3;
				MTL_ENABLE_DEBUG_INFO = NO;
				SDKROOT = iphoneos;
				VALIDATE_PRODUCT = YES;
			};
			name = Release;
		};
		95D716371D2ED53100EAE5B3 /* Debug */ = {
			isa = XCBuildConfiguration;
			baseConfigurationReference = 83349A628BB6A93D96289F1D /* Pods-Honest Badger.debug.xcconfig */;
			buildSettings = {
				ASSETCATALOG_COMPILER_APPICON_NAME = AppIcon;
				CODE_SIGN_IDENTITY = "iPhone Developer";
				INFOPLIST_FILE = "Honest Badger/Info.plist";
				LD_RUNPATH_SEARCH_PATHS = "$(inherited) @executable_path/Frameworks";
				PRODUCT_BUNDLE_IDENTIFIER = "com.stevecoxio.Honest-Badger";
				PRODUCT_NAME = "$(TARGET_NAME)";
			};
			name = Debug;
		};
		95D716381D2ED53100EAE5B3 /* Release */ = {
			isa = XCBuildConfiguration;
			baseConfigurationReference = F3A2842BC9F4819C102CECF3 /* Pods-Honest Badger.release.xcconfig */;
			buildSettings = {
				ASSETCATALOG_COMPILER_APPICON_NAME = AppIcon;
				CODE_SIGN_IDENTITY = "iPhone Developer";
				INFOPLIST_FILE = "Honest Badger/Info.plist";
				LD_RUNPATH_SEARCH_PATHS = "$(inherited) @executable_path/Frameworks";
				PRODUCT_BUNDLE_IDENTIFIER = "com.stevecoxio.Honest-Badger";
				PRODUCT_NAME = "$(TARGET_NAME)";
			};
			name = Release;
		};
/* End XCBuildConfiguration section */

/* Begin XCConfigurationList section */
		95D7161F1D2ED53100EAE5B3 /* Build configuration list for PBXProject "Honest Badger" */ = {
			isa = XCConfigurationList;
			buildConfigurations = (
				95D716341D2ED53100EAE5B3 /* Debug */,
				95D716351D2ED53100EAE5B3 /* Release */,
			);
			defaultConfigurationIsVisible = 0;
			defaultConfigurationName = Release;
		};
		95D716361D2ED53100EAE5B3 /* Build configuration list for PBXNativeTarget "Honest Badger" */ = {
			isa = XCConfigurationList;
			buildConfigurations = (
				95D716371D2ED53100EAE5B3 /* Debug */,
				95D716381D2ED53100EAE5B3 /* Release */,
			);
			defaultConfigurationIsVisible = 0;
			defaultConfigurationName = Release;
		};
/* End XCConfigurationList section */
	};
	rootObject = 95D7161C1D2ED53100EAE5B3 /* Project object */;
}
